
Microsoft Visual Studio Solution File, Format Version 12.00
# Visual Studio Version 17
VisualStudioVersion = 17.6.33815.320
MinimumVisualStudioVersion = 10.0.40219.1
Project("{FAE04EC0-301F-11D3-BF4B-00C04F79EFBC}") = "Employee Manager", "Employee Manager.csproj", "{C64A1DB7-5321-48D2-B089-FA6543C1F382}"
EndProject
Global
	GlobalSection(SolutionConfigurationPlatforms) = preSolution
		Debug|Any CPU = Debug|Any CPU
		Release|Any CPU = Release|Any CPU
	EndGlobalSection
	GlobalSection(ProjectConfigurationPlatforms) = postSolution
		{C64A1DB7-5321-48D2-B089-FA6543C1F382}.Debug|Any CPU.ActiveCfg = Debug|Any CPU
		{C64A1DB7-5321-48D2-B089-FA6543C1F382}.Debug|Any CPU.Build.0 = Debug|Any CPU
		{C64A1DB7-5321-48D2-B089-FA6543C1F382}.Release|Any CPU.ActiveCfg = Release|Any CPU
		{C64A1DB7-5321-48D2-B089-FA6543C1F382}.Release|Any CPU.Build.0 = Release|Any CPU
	EndGlobalSection
	GlobalSection(SolutionProperties) = preSolution
		HideSolutionNode = FALSE
	EndGlobalSection
	GlobalSection(ExtensibilityGlobals) = postSolution
		SolutionGuid = {6BFE3F05-E4A7-4A4E-8552-630DBABFA4AE}
	EndGlobalSection
EndGlobal
